
Microsoft Visual Studio Solution File, Format Version 12.00
# Visual Studio Version 16
VisualStudioVersion = 16.0.34031.81
MinimumVisualStudioVersion = 10.0.40219.1
Project("{FAE04EC0-301F-11D3-BF4B-00C04F79EFBC}") = "WebApplication3", "WebApplication3\WebApplication3.csproj", "{66D28479-ECE4-48FF-B6CC-B0DBC1E5BEBC}"
EndProject
Global
	GlobalSection(SolutionConfigurationPlatforms) = preSolution
		Debug|Any CPU = Debug|Any CPU
		Release|Any CPU = Release|Any CPU
	EndGlobalSection
	GlobalSection(ProjectConfigurationPlatforms) = postSolution
		{66D28479-ECE4-48FF-B6CC-B0DBC1E5BEBC}.Debug|Any CPU.ActiveCfg = Debug|Any CPU
		{66D28479-ECE4-48FF-B6CC-B0DBC1E5BEBC}.Debug|Any CPU.Build.0 = Debug|Any CPU
		{66D28479-ECE4-48FF-B6CC-B0DBC1E5BEBC}.Release|Any CPU.ActiveCfg = Release|Any CPU
		{66D28479-ECE4-48FF-B6CC-B0DBC1E5BEBC}.Release|Any CPU.Build.0 = Release|Any CPU
	EndGlobalSection
	GlobalSection(SolutionProperties) = preSolution
		HideSolutionNode = FALSE
	EndGlobalSection
	GlobalSection(ExtensibilityGlobals) = postSolution
		SolutionGuid = {D1915CBE-E967-41F0-86E3-FDCF66361CEF}
	EndGlobalSection
EndGlobal
